// !$*UTF8*$!
{
	archiveVersion = 1;
	classes = {
	};
	objectVersion = 48;
	objects = {

/* Begin PBXBuildFile section */
		2C7A8008204CDA770054D087 /* AppDelegate.m in Sources */ = {isa = PBXBuildFile; fileRef = 2C7A8007204CDA770054D087 /* AppDelegate.m */; };
		2C7A800B204CDA770054D087 /* ViewController.m in Sources */ = {isa = PBXBuildFile; fileRef = 2C7A800A204CDA770054D087 /* ViewController.m */; };
		2C7A800E204CDA770054D087 /* Main.storyboard in Resources */ = {isa = PBXBuildFile; fileRef = 2C7A800C204CDA770054D087 /* Main.storyboard */; };
		2C7A8010204CDA770054D087 /* Assets.xcassets in Resources */ = {isa = PBXBuildFile; fileRef = 2C7A800F204CDA770054D087 /* Assets.xcassets */; };
		2C7A8013204CDA770054D087 /* LaunchScreen.storyboard in Resources */ = {isa = PBXBuildFile; fileRef = 2C7A8011204CDA770054D087 /* LaunchScreen.storyboard */; };
		2C7A8016204CDA770054D087 /* main.m in Sources */ = {isa = PBXBuildFile; fileRef = 2C7A8015204CDA770054D087 /* main.m */; };
/* End PBXBuildFile section */

/* Begin PBXFileReference section */
		2C7A8003204CDA770054D087 /* iPhoneImage.app */ = {isa = PBXFileReference; explicitFileType = wrapper.application; includeInIndex = 0; path = iPhoneImage.app; sourceTree = BUILT_PRODUCTS_DIR; };
		2C7A8006204CDA770054D087 /* AppDelegate.h */ = {isa = PBXFileReference; lastKnownFileType = sourcecode.c.h; path = AppDelegate.h; sourceTree = "<group>"; };
		2C7A8007204CDA770054D087 /* AppDelegate.m */ = {isa = PBXFileReference; lastKnownFileType = sourcecode.c.objc; path = AppDelegate.m; sourceTree = "<group>"; };
		2C7A8009204CDA770054D087 /* ViewController.h */ = {isa = PBXFileReference; lastKnownFileType = sourcecode.c.h; path = ViewController.h; sourceTree = "<group>"; };
		2C7A800A204CDA770054D087 /* ViewController.m */ = {isa = PBXFileReference; lastKnownFileType = sourcecode.c.objc; path = ViewController.m; sourceTree = "<group>"; };
		2C7A800D204CDA770054D087 /* Base */ = {isa = PBXFileReference; lastKnownFileType = file.storyboard; name = Base; path = Base.lproj/Main.storyboard; sourceTree = "<group>"; };
		2C7A800F204CDA770054D087 /* Assets.xcassets */ = {isa = PBXFileReference; lastKnownFileType = folder.assetcatalog; path = Assets.xcassets; sourceTree = "<group>"; };
		2C7A8012204CDA770054D087 /* Base */ = {isa = PBXFileReference; lastKnownFileType = file.storyboard; name = Base; path = Base.lproj/LaunchScreen.storyboard; sourceTree = "<group>"; };
		2C7A8014204CDA770054D087 /* Info.plist */ = {isa = PBXFileReference; lastKnownFileType = text.plist.xml; path = Info.plist; sourceTree = "<group>"; };
		2C7A8015204CDA770054D087 /* main.m */ = {isa = PBXFileReference; lastKnownFileType = sourcecode.c.objc; path = main.m; sourceTree = "<group>"; };
/* End PBXFileReference section */

/* Begin PBXFrameworksBuildPhase section */
		2C7A8000204CDA770054D087 /* Frameworks */ = {
			isa = PBXFrameworksBuildPhase;
			buildActionMask = 2147483647;
			files = (
			);
			runOnlyForDeploymentPostprocessing = 0;
		};
/* End PBXFrameworksBuildPhase section */

/* Begin PBXGroup section */
		2C7A7FFA204CDA770054D087 = {
			isa = PBXGroup;
			children = (
				2C7A8005204CDA770054D087 /* iPhoneImage */,
				2C7A8004204CDA770054D087 /* Products */,
			);
			sourceTree = "<group>";
		};
		2C7A8004204CDA770054D087 /* Products */ = {
			isa = PBXGroup;
			children = (
				2C7A8003204CDA770054D087 /* iPhoneImage.app */,
			);
			name = Products;
			sourceTree = "<group>";
		};
		2C7A8005204CDA770054D087 /* iPhoneImage */ = {
			isa = PBXGroup;
			children = (
				2C7A8006204CDA770054D087 /* AppDelegate.h */,
				2C7A8007204CDA770054D087 /* AppDelegate.m */,
				2C7A8009204CDA770054D087 /* ViewController.h */,
				2C7A800A204CDA770054D087 /* ViewController.m */,
				2C7A800C204CDA770054D087 /* Main.storyboard */,
				2C7A800F204CDA770054D087 /* Assets.xcassets */,
				2C7A8011204CDA770054D087 /* LaunchScreen.storyboard */,
				2C7A8014204CDA770054D087 /* Info.plist */,
				2C7A8015204CDA770054D087 /* main.m */,
			);
			path = iPhoneImage;
			sourceTree = "<group>";
		};
/* End PBXGroup section */

/* Begin PBXNativeTarget section */
		2C7A8002204CDA770054D087 /* iPhoneImage */ = {
			isa = PBXNativeTarget;
			buildConfigurationList = 2C7A8019204CDA770054D087 /* Build configuration list for PBXNativeTarget "iPhoneImage" */;
			buildPhases = (
				2C7A7FFF204CDA770054D087 /* Sources */,
				2C7A8000204CDA770054D087 /* Frameworks */,
				2C7A8001204CDA770054D087 /* Resources */,
			);
			buildRules = (
			);
			dependencies = (
			);
			name = iPhoneImage;
			productName = iPhoneImage;
			productReference = 2C7A8003204CDA770054D087 /* iPhoneImage.app */;
			productType = "com.apple.product-type.application";
		};
/* End PBXNativeTarget section */

/* Begin PBXProject section */
		2C7A7FFB204CDA770054D087 /* Project object */ = {
			isa = PBXProject;
			attributes = {
				LastUpgradeCheck = 0920;
				ORGANIZATIONNAME = KevinT;
				TargetAttributes = {
					2C7A8002204CDA770054D087 = {
						CreatedOnToolsVersion = 9.2;
						ProvisioningStyle = Automatic;
					};
				};
			};
			buildConfigurationList = 2C7A7FFE204CDA770054D087 /* Build configuration list for PBXProject "iPhoneImage" */;
			compatibilityVersion = "Xcode 8.0";
			developmentRegion = en;
			hasScannedForEncodings = 0;
			knownRegions = (
				en,
				Base,
			);
			mainGroup = 2C7A7FFA204CDA770054D087;
			productRefGroup = 2C7A8004204CDA770054D087 /* Products */;
			projectDirPath = "";
			projectRoot = "";
			targets = (
				2C7A8002204CDA770054D087 /* iPhoneImage */,
			);
		};
/* End PBXProject section */

/* Begin PBXResourcesBuildPhase section */
		2C7A8001204CDA770054D087 /* Resources */ = {
			isa = PBXResourcesBuildPhase;
			buildActionMask = 2147483647;
			files = (
				2C7A8013204CDA770054D087 /* LaunchScreen.storyboard in Resources */,
				2C7A8010204CDA770054D087 /* Assets.xcassets in Resources */,
				2C7A800E204CDA770054D087 /* Main.storyboard in Resources */,
			);
			runOnlyForDeploymentPostprocessing = 0;
		};
/* End PBXResourcesBuildPhase section */

/* Begin PBXSourcesBuildPhase section */
		2C7A7FFF204CDA770054D087 /* Sources */ = {
			isa = PBXSourcesBuildPhase;
			buildActionMask = 2147483647;
			files = (
				2C7A800B204CDA770054D087 /* ViewController.m in Sources */,
				2C7A8016204CDA770054D087 /* main.m in Sources */,
				2C7A8008204CDA770054D087 /* AppDelegate.m in Sources */,
			);
			runOnlyForDeploymentPostprocessing = 0;
		};
/* End PBXSourcesBuildPhase section */

/* Begin PBXVariantGroup section */
		2C7A800C204CDA770054D087 /* Main.storyboard */ = {
			isa = PBXVariantGroup;
			children = (
				2C7A800D204CDA770054D087 /* Base */,
			);
			name = Main.storyboard;
			sourceTree = "<group>";
		};
		2C7A8011204CDA770054D087 /* LaunchScreen.storyboard */ = {
			isa = PBXVariantGroup;
			children = (
				2C7A8012204CDA770054D087 /* Base */,
			);
			name = LaunchScreen.storyboard;
			sourceTree = "<group>";
		};
/* End PBXVariantGroup section */

/* Begin XCBuildConfiguration section */
		2C7A8017204CDA770054D087 /* Debug */ = {
			isa = XCBuildConfiguration;
			buildSettings = {
				ALWAYS_SEARCH_USER_PATHS = NO;
				CLANG_ANALYZER_NONNULL = YES;
				CLANG_ANALYZER_NUMBER_OBJECT_CONVERSION = YES_AGGRESSIVE;
				CLANG_CXX_LANGUAGE_STANDARD = "gnu++14";
				CLANG_CXX_LIBRARY = "libc++";
				CLANG_ENABLE_MODULES = YES;
				CLANG_ENABLE_OBJC_ARC = YES;
				CLANG_WARN_BLOCK_CAPTURE_AUTORELEASING = YES;
				CLANG_WARN_BOOL_CONVERSION = YES;
				CLANG_WARN_COMMA = YES;
				CLANG_WARN_CONSTANT_CONVERSION = YES;
				CLANG_WARN_DIRECT_OBJC_ISA_USAGE = YES_ERROR;
				CLANG_WARN_DOCUMENTATION_COMMENTS = YES;
				CLANG_WARN_EMPTY_BODY = YES;
				CLANG_WARN_ENUM_CONVERSION = YES;
				CLANG_WARN_INFINITE_RECURSION = YES;
				CLANG_WARN_INT_CONVERSION = YES;
				CLANG_WARN_NON_LITERAL_NULL_CONVERSION = YES;
				CLANG_WARN_OBJC_LITERAL_CONVERSION = YES;
				CLANG_WARN_OBJC_ROOT_CLASS = YES_ERROR;
				CLANG_WARN_RANGE_LOOP_ANALYSIS = YES;
				CLANG_WARN_STRICT_PROTOTYPES = YES;
				CLANG_WARN_SUSPICIOUS_MOVE = YES;
				CLANG_WARN_UNGUARDED_AVAILABILITY = YES_AGGRESSIVE;
				CLANG_WARN_UNREACHABLE_CODE = YES;
				CLANG_WARN__DUPLICATE_METHOD_MATCH = YES;
				CODE_SIGN_IDENTITY = "iPhone Developer";
				COPY_PHASE_STRIP = NO;
				DEBUG_INFORMATION_FORMAT = dwarf;
				ENABLE_STRICT_OBJC_MSGSEND = YES;
				ENABLE_TESTABILITY = YES;
				GCC_C_LANGUAGE_STANDARD = gnu11;
				GCC_DYNAMIC_NO_PIC = NO;
				GCC_NO_COMMON_BLOCKS = YES;
				GCC_OPTIMIZATION_LEVEL = 0;
				GCC_PREPROCESSOR_DEFINITIONS = (
					"DEBUG=1",
					"$(inherited)",
				);
				GCC_WARN_64_TO_32_BIT_CONVERSION = YES;
				GCC_WARN_ABOUT_RETURN_TYPE = YES_ERROR;
				GCC_WARN_UNDECLARED_SELECTOR = YES;
				GCC_WARN_UNINITIALIZED_AUTOS = YES_AGGRESSIVE;
				GCC_WARN_UNUSED_FUNCTION = YES;
				GCC_WARN_UNUSED_VARIABLE = YES;
				IPHONEOS_DEPLOYMENT_TARGET = 11.2;
				MTL_ENABLE_DEBUG_INFO = YES;
				ONLY_ACTIVE_ARCH = YES;
				SDKROOT = iphoneos;
			};
			name = Debug;
		};
		2C7A8018204CDA770054D087 /* Release */ = {
			isa = XCBuildConfiguration;
			buildSettings = {
				ALWAYS_SEARCH_USER_PATHS = NO;
				CLANG_ANALYZER_NONNULL = YES;
				CLANG_ANALYZER_NUMBER_OBJECT_CONVERSION = YES_AGGRESSIVE;
				CLANG_CXX_LANGUAGE_STANDARD = "gnu++14";
				CLANG_CXX_LIBRARY = "libc++";
				CLANG_ENABLE_MODULES = YES;
				CLANG_ENABLE_OBJC_ARC = YES;
				CLANG_WARN_BLOCK_CAPTURE_AUTORELEASING = YES;
				CLANG_WARN_BOOL_CONVERSION = YES;
				CLANG_WARN_COMMA = YES;
				CLANG_WARN_CONSTANT_CONVERSION = YES;
				CLANG_WARN_DIRECT_OBJC_ISA_USAGE = YES_ERROR;
				CLANG_WARN_DOCUMENTATION_COMMENTS = YES;
				CLANG_WARN_EMPTY_BODY = YES;
				CLANG_WARN_ENUM_CONVERSION = YES;
				CLANG_WARN_INFINITE_RECURSION = YES;
				CLANG_WARN_INT_CONVERSION = YES;
				CLANG_WARN_NON_LITERAL_NULL_CONVERSION = YES;
				CLANG_WARN_OBJC_LITERAL_CONVERSION = YES;
				CLANG_WARN_OBJC_ROOT_CLASS = YES_ERROR;
				CLANG_WARN_RANGE_LOOP_ANALYSIS = YES;
				CLANG_WARN_STRICT_PROTOTYPES = YES;
				CLANG_WARN_SUSPICIOUS_MOVE = YES;
				CLANG_WARN_UNGUARDED_AVAILABILITY = YES_AGGRESSIVE;
				CLANG_WARN_UNREACHABLE_CODE = YES;
				CLANG_WARN__DUPLICATE_METHOD_MATCH = YES;
				CODE_SIGN_IDENTITY = "iPhone Developer";
				COPY_PHASE_STRIP = NO;
				DEBUG_INFORMATION_FORMAT = "dwarf-with-dsym";
				ENABLE_NS_ASSERTIONS = NO;
				ENABLE_STRICT_OBJC_MSGSEND = YES;
				GCC_C_LANGUAGE_STANDARD = gnu11;
				GCC_NO_COMMON_BLOCKS = YES;
				GCC_WARN_64_TO_32_BIT_CONVERSION = YES;
				GCC_WARN_ABOUT_RETURN_TYPE = YES_ERROR;
				GCC_WARN_UNDECLARED_SELECTOR = YES;
				GCC_WARN_UNINITIALIZED_AUTOS = YES_AGGRESSIVE;
				GCC_WARN_UNUSED_FUNCTION = YES;
				GCC_WARN_UNUSED_VARIABLE = YES;
				IPHONEOS_DEPLOYMENT_TARGET = 11.2;
				MTL_ENABLE_DEBUG_INFO = NO;
				SDKROOT = iphoneos;
				VALIDATE_PRODUCT = YES;
			};
			name = Release;
		};
		2C7A801A204CDA770054D087 /* Debug */ = {
			isa = XCBuildConfiguration;
			buildSettings = {
				ASSETCATALOG_COMPILER_APPICON_NAME = AppIcon;
				CODE_SIGN_STYLE = Automatic;
				DEVELOPMENT_TEAM = Z443C3M747;
				INFOPLIST_FILE = iPhoneImage/Info.plist;
				LD_RUNPATH_SEARCH_PATHS = "$(inherited) @executable_path/Frameworks";
				PRODUCT_BUNDLE_IDENTIFIER = kt.iPhoneImage;
				PRODUCT_NAME = "$(TARGET_NAME)";
				TARGETED_DEVICE_FAMILY = "1,2";
			};
			name = Debug;
		};
		2C7A801B204CDA770054D087 /* Release */ = {
			isa = XCBuildConfiguration;
			buildSettings = {
				ASSETCATALOG_COMPILER_APPICON_NAME = AppIcon;
				CODE_SIGN_STYLE = Automatic;
				DEVELOPMENT_TEAM = Z443C3M747;
				INFOPLIST_FILE = iPhoneImage/Info.plist;
				LD_RUNPATH_SEARCH_PATHS = "$(inherited) @executable_path/Frameworks";
				PRODUCT_BUNDLE_IDENTIFIER = kt.iPhoneImage;
				PRODUCT_NAME = "$(TARGET_NAME)";
				TARGETED_DEVICE_FAMILY = "1,2";
			};
			name = Release;
		};
/* End XCBuildConfiguration section */

/* Begin XCConfigurationList section */
		2C7A7FFE204CDA770054D087 /* Build configuration list for PBXProject "iPhoneImage" */ = {
			isa = XCConfigurationList;
			buildConfigurations = (
				2C7A8017204CDA770054D087 /* Debug */,
				2C7A8018204CDA770054D087 /* Release */,
			);
			defaultConfigurationIsVisible = 0;
			defaultConfigurationName = Release;
		};
		2C7A8019204CDA770054D087 /* Build configuration list for PBXNativeTarget "iPhoneImage" */ = {
			isa = XCConfigurationList;
			buildConfigurations = (
				2C7A801A204CDA770054D087 /* Debug */,
				2C7A801B204CDA770054D087 /* Release */,
			);
			defaultConfigurationIsVisible = 0;
			defaultConfigurationName = Release;
		};
/* End XCConfigurationList section */
	};
	rootObject = 2C7A7FFB204CDA770054D087 /* Project object */;
}
